
Microsoft Visual Studio Solution File, Format Version 12.00
# Visual Studio Version 16
VisualStudioVersion = 16.0.808.5
MinimumVisualStudioVersion = 10.0.40219.1
Project("{FAE04EC0-301F-11D3-BF4B-00C04F79EFBC}") = "Dictionary", "Dictionary\Dictionary.csproj", "{4549AE5E-503E-4435-A696-18E8F7A1060D}"
EndProject
Global
	GlobalSection(SolutionConfigurationPlatforms) = preSolution
		Debug|Any CPU = Debug|Any CPU
		Release|Any CPU = Release|Any CPU
	EndGlobalSection
	GlobalSection(ProjectConfigurationPlatforms) = postSolution
		{4549AE5E-503E-4435-A696-18E8F7A1060D}.Debug|Any CPU.ActiveCfg = Debug|Any CPU
		{4549AE5E-503E-4435-A696-18E8F7A1060D}.Debug|Any CPU.Build.0 = Debug|Any CPU
		{4549AE5E-503E-4435-A696-18E8F7A1060D}.Release|Any CPU.ActiveCfg = Release|Any CPU
		{4549AE5E-503E-4435-A696-18E8F7A1060D}.Release|Any CPU.Build.0 = Release|Any CPU
	EndGlobalSection
	GlobalSection(SolutionProperties) = preSolution
		HideSolutionNode = FALSE
	EndGlobalSection
	GlobalSection(ExtensibilityGlobals) = postSolution
		SolutionGuid = {0BCA7E90-B606-4A85-83A2-290BA177F443}
	EndGlobalSection
EndGlobal
